
Microsoft Visual Studio Solution File, Format Version 11.00
# Visual Studio 2010
Project("{FAE04EC0-301F-11D3-BF4B-00C04F79EFBC}") = "BlackJackConsole", "BlackJackConsole.csproj", "{42AE0C22-3272-40A4-8AAE-7D52F6C7226C}"
EndProject
Global
	GlobalSection(SolutionConfigurationPlatforms) = preSolution
		Debug|x86 = Debug|x86
		Release|x86 = Release|x86
	EndGlobalSection
	GlobalSection(ProjectConfigurationPlatforms) = postSolution
		{42AE0C22-3272-40A4-8AAE-7D52F6C7226C}.Debug|x86.ActiveCfg = Debug|x86
		{42AE0C22-3272-40A4-8AAE-7D52F6C7226C}.Debug|x86.Build.0 = Debug|x86
		{42AE0C22-3272-40A4-8AAE-7D52F6C7226C}.Release|x86.ActiveCfg = Release|x86
		{42AE0C22-3272-40A4-8AAE-7D52F6C7226C}.Release|x86.Build.0 = Release|x86
	EndGlobalSection
	GlobalSection(MonoDevelopProperties) = preSolution
		StartupItem = BlackJackConsole.csproj
	EndGlobalSection
EndGlobal
